
Microsoft Visual Studio Solution File, Format Version 12.00
# Visual Studio Version 17
VisualStudioVersion = 17.14.36623.8 d17.14
MinimumVisualStudioVersion = 10.0.40219.1
Project("{FAE04EC0-301F-11D3-BF4B-00C04F79EFBC}") = "01.Convert Meters to Kilometers", "01.Convert Meters to Kilometers\01.Convert Meters to Kilometers.csproj", "{F5824598-B3BA-48C3-B266-850C62312772}"
EndProject
Project("{FAE04EC0-301F-11D3-BF4B-00C04F79EFBC}") = "02.Pounds to Dollars", "02.Pounds to Dollars\02.Pounds to Dollars.csproj", "{9FFBB2EF-2D9A-4AFE-896B-E4A1C90F0740}"
EndProject
Project("{FAE04EC0-301F-11D3-BF4B-00C04F79EFBC}") = "03.Exact Sum of Real Numbers", "03.Exact Sum of Real Numbers\03.Exact Sum of Real Numbers.csproj", "{6315790D-2F27-4DE8-B893-D700E00A647E}"
EndProject
Project("{FAE04EC0-301F-11D3-BF4B-00C04F79EFBC}") = "04.Centuries to Minutes", "04.Centuries to Minutes\04.Centuries to Minutes.csproj", "{1B4D1F76-01B8-4B49-8682-64D8C2D260C8}"
EndProject
Project("{FAE04EC0-301F-11D3-BF4B-00C04F79EFBC}") = "05.Special Numbers", "05.Special Numbers\05.Special Numbers.csproj", "{34B42D62-8476-4C01-879B-498E6B269731}"
EndProject
Project("{FAE04EC0-301F-11D3-BF4B-00C04F79EFBC}") = "06.Reversed Chars", "06.Reversed Chars\06.Reversed Chars.csproj", "{C38F3738-8188-4A7D-AC86-CCB2584F65A3}"
EndProject
Project("{FAE04EC0-301F-11D3-BF4B-00C04F79EFBC}") = "07.Concat Names", "07.Concat Names\07.Concat Names.csproj", "{F606C8AC-C329-4272-9DAA-621A0C149F3B}"
EndProject
Project("{FAE04EC0-301F-11D3-BF4B-00C04F79EFBC}") = "08.Town Info", "08.Town Info\08.Town Info.csproj", "{38853BDF-D4CE-4521-8062-B8A9F2C8D109}"
EndProject
Project("{FAE04EC0-301F-11D3-BF4B-00C04F79EFBC}") = "09.Chars to String", "09.Chars to String\09.Chars to String.csproj", "{FA6BA3DB-4F32-404A-8511-98EEC5A1E931}"
EndProject
Project("{FAE04EC0-301F-11D3-BF4B-00C04F79EFBC}") = "10.Lower or Upper", "10.Lower or Upper\10.Lower or Upper.csproj", "{64B7EFD8-FD6A-4508-96FA-77A47B3E70EA}"
EndProject
Project("{FAE04EC0-301F-11D3-BF4B-00C04F79EFBC}") = "11.Refactor Volume of Pyramid", "11.Refactor Volume of Pyramid\11.Refactor Volume of Pyramid.csproj", "{C45444B4-1C7B-42E4-8995-969DFAF97270}"
EndProject
Project("{FAE04EC0-301F-11D3-BF4B-00C04F79EFBC}") = "12.Refactor Special Numbers", "12.Refactor Special Numbers\12.Refactor Special Numbers.csproj", "{A4EF3B88-9541-444E-9EED-852E23CE7C97}"
EndProject
Global
	GlobalSection(SolutionConfigurationPlatforms) = preSolution
		Debug|Any CPU = Debug|Any CPU
		Release|Any CPU = Release|Any CPU
	EndGlobalSection
	GlobalSection(ProjectConfigurationPlatforms) = postSolution
		{F5824598-B3BA-48C3-B266-850C62312772}.Debug|Any CPU.ActiveCfg = Debug|Any CPU
		{F5824598-B3BA-48C3-B266-850C62312772}.Debug|Any CPU.Build.0 = Debug|Any CPU
		{F5824598-B3BA-48C3-B266-850C62312772}.Release|Any CPU.ActiveCfg = Release|Any CPU
		{F5824598-B3BA-48C3-B266-850C62312772}.Release|Any CPU.Build.0 = Release|Any CPU
		{9FFBB2EF-2D9A-4AFE-896B-E4A1C90F0740}.Debug|Any CPU.ActiveCfg = Debug|Any CPU
		{9FFBB2EF-2D9A-4AFE-896B-E4A1C90F0740}.Debug|Any CPU.Build.0 = Debug|Any CPU
		{9FFBB2EF-2D9A-4AFE-896B-E4A1C90F0740}.Release|Any CPU.ActiveCfg = Release|Any CPU
		{9FFBB2EF-2D9A-4AFE-896B-E4A1C90F0740}.Release|Any CPU.Build.0 = Release|Any CPU
		{6315790D-2F27-4DE8-B893-D700E00A647E}.Debug|Any CPU.ActiveCfg = Debug|Any CPU
		{6315790D-2F27-4DE8-B893-D700E00A647E}.Debug|Any CPU.Build.0 = Debug|Any CPU
		{6315790D-2F27-4DE8-B893-D700E00A647E}.Release|Any CPU.ActiveCfg = Release|Any CPU
		{6315790D-2F27-4DE8-B893-D700E00A647E}.Release|Any CPU.Build.0 = Release|Any CPU
		{1B4D1F76-01B8-4B49-8682-64D8C2D260C8}.Debug|Any CPU.ActiveCfg = Debug|Any CPU
		{1B4D1F76-01B8-4B49-8682-64D8C2D260C8}.Debug|Any CPU.Build.0 = Debug|Any CPU
		{1B4D1F76-01B8-4B49-8682-64D8C2D260C8}.Release|Any CPU.ActiveCfg = Release|Any CPU
		{1B4D1F76-01B8-4B49-8682-64D8C2D260C8}.Release|Any CPU.Build.0 = Release|Any CPU
		{34B42D62-8476-4C01-879B-498E6B269731}.Debug|Any CPU.ActiveCfg = Debug|Any CPU
		{34B42D62-8476-4C01-879B-498E6B269731}.Debug|Any CPU.Build.0 = Debug|Any CPU
		{34B42D62-8476-4C01-879B-498E6B269731}.Release|Any CPU.ActiveCfg = Release|Any CPU
		{34B42D62-8476-4C01-879B-498E6B269731}.Release|Any CPU.Build.0 = Release|Any CPU
		{C38F3738-8188-4A7D-AC86-CCB2584F65A3}.Debug|Any CPU.ActiveCfg = Debug|Any CPU
		{C38F3738-8188-4A7D-AC86-CCB2584F65A3}.Debug|Any CPU.Build.0 = Debug|Any CPU
		{C38F3738-8188-4A7D-AC86-CCB2584F65A3}.Release|Any CPU.ActiveCfg = Release|Any CPU
		{C38F3738-8188-4A7D-AC86-CCB2584F65A3}.Release|Any CPU.Build.0 = Release|Any CPU
		{F606C8AC-C329-4272-9DAA-621A0C149F3B}.Debug|Any CPU.ActiveCfg = Debug|Any CPU
		{F606C8AC-C329-4272-9DAA-621A0C149F3B}.Debug|Any CPU.Build.0 = Debug|Any CPU
		{F606C8AC-C329-4272-9DAA-621A0C149F3B}.Release|Any CPU.ActiveCfg = Release|Any CPU
		{F606C8AC-C329-4272-9DAA-621A0C149F3B}.Release|Any CPU.Build.0 = Release|Any CPU
		{38853BDF-D4CE-4521-8062-B8A9F2C8D109}.Debug|Any CPU.ActiveCfg = Debug|Any CPU
		{38853BDF-D4CE-4521-8062-B8A9F2C8D109}.Debug|Any CPU.Build.0 = Debug|Any CPU
		{38853BDF-D4CE-4521-8062-B8A9F2C8D109}.Release|Any CPU.ActiveCfg = Release|Any CPU
		{38853BDF-D4CE-4521-8062-B8A9F2C8D109}.Release|Any CPU.Build.0 = Release|Any CPU
		{FA6BA3DB-4F32-404A-8511-98EEC5A1E931}.Debug|Any CPU.ActiveCfg = Debug|Any CPU
		{FA6BA3DB-4F32-404A-8511-98EEC5A1E931}.Debug|Any CPU.Build.0 = Debug|Any CPU
		{FA6BA3DB-4F32-404A-8511-98EEC5A1E931}.Release|Any CPU.ActiveCfg = Release|Any CPU
		{FA6BA3DB-4F32-404A-8511-98EEC5A1E931}.Release|Any CPU.Build.0 = Release|Any CPU
		{64B7EFD8-FD6A-4508-96FA-77A47B3E70EA}.Debug|Any CPU.ActiveCfg = Debug|Any CPU
		{64B7EFD8-FD6A-4508-96FA-77A47B3E70EA}.Debug|Any CPU.Build.0 = Debug|Any CPU
		{64B7EFD8-FD6A-4508-96FA-77A47B3E70EA}.Release|Any CPU.ActiveCfg = Release|Any CPU
		{64B7EFD8-FD6A-4508-96FA-77A47B3E70EA}.Release|Any CPU.Build.0 = Release|Any CPU
		{C45444B4-1C7B-42E4-8995-969DFAF97270}.Debug|Any CPU.ActiveCfg = Debug|Any CPU
		{C45444B4-1C7B-42E4-8995-969DFAF97270}.Debug|Any CPU.Build.0 = Debug|Any CPU
		{C45444B4-1C7B-42E4-8995-969DFAF97270}.Release|Any CPU.ActiveCfg = Release|Any CPU
		{C45444B4-1C7B-42E4-8995-969DFAF97270}.Release|Any CPU.Build.0 = Release|Any CPU
		{A4EF3B88-9541-444E-9EED-852E23CE7C97}.Debug|Any CPU.ActiveCfg = Debug|Any CPU
		{A4EF3B88-9541-444E-9EED-852E23CE7C97}.Debug|Any CPU.Build.0 = Debug|Any CPU
		{A4EF3B88-9541-444E-9EED-852E23CE7C97}.Release|Any CPU.ActiveCfg = Release|Any CPU
		{A4EF3B88-9541-444E-9EED-852E23CE7C97}.Release|Any CPU.Build.0 = Release|Any CPU
	EndGlobalSection
	GlobalSection(SolutionProperties) = preSolution
		HideSolutionNode = FALSE
	EndGlobalSection
	GlobalSection(ExtensibilityGlobals) = postSolution
		SolutionGuid = {5CB95BD9-2572-4375-812D-87344DD2E183}
	EndGlobalSection
EndGlobal
