
Microsoft Visual Studio Solution File, Format Version 12.00
# Visual Studio Version 17
VisualStudioVersion = 17.7.34202.233
MinimumVisualStudioVersion = 10.0.40219.1
Project("{9A19103F-16F7-4668-BE54-9A1E7A4F7556}") = "01.Tennis Equipment", "01.Tennis Equipment\01.Tennis Equipment.csproj", "{696A4995-25F2-44EE-B2B0-A196E1A2D152}"
EndProject
Project("{9A19103F-16F7-4668-BE54-9A1E7A4F7556}") = "02.Basketball Equipment", "02.Basketball Equipment\02.Basketball Equipment.csproj", "{13652290-C9DF-4BF1-9D1F-51D453FC5528}"
EndProject
Project("{9A19103F-16F7-4668-BE54-9A1E7A4F7556}") = "03.Football Results", "03.Football Results\03.Football Results.csproj", "{37CF6D05-1967-4C0B-B18C-F51301314037}"
EndProject
Project("{9A19103F-16F7-4668-BE54-9A1E7A4F7556}") = "04.Skeleton", "04.Skeleton\04.Skeleton.csproj", "{3B220FAB-8F67-4887-B87F-B34AA5AC401F}"
EndProject
Project("{9A19103F-16F7-4668-BE54-9A1E7A4F7556}") = "05.Gymnastics", "05.Gymnastics\05.Gymnastics.csproj", "{CA7A6A26-897E-467F-A8F9-CA5F3002DC0B}"
EndProject
Project("{9A19103F-16F7-4668-BE54-9A1E7A4F7556}") = "06.World Snooker Championship", "06.World Snooker Championship\06.World Snooker Championship.csproj", "{8A1A96FD-A63B-464C-9462-0BC412B3DF39}"
EndProject
Project("{9A19103F-16F7-4668-BE54-9A1E7A4F7556}") = "07.Game Number Wars", "07.Game Number Wars\07.Game Number Wars.csproj", "{31DA810F-FEC6-469C-A93F-5EEE07522F1A}"
EndProject
Project("{9A19103F-16F7-4668-BE54-9A1E7A4F7556}") = "08.Darts", "08.Darts\08.Darts.csproj", "{C28CF992-D7BA-4304-9F50-C6EBF0982000}"
EndProject
Project("{9A19103F-16F7-4668-BE54-9A1E7A4F7556}") = "09.Tennis Ranklist", "09.Tennis Ranklist\09.Tennis Ranklist.csproj", "{59123490-3E99-4A65-B676-C6DE8217EA17}"
EndProject
Project("{9A19103F-16F7-4668-BE54-9A1E7A4F7556}") = "10.Fitness Center", "10.Fitness Center\10.Fitness Center.csproj", "{BD875FD4-702D-4C2A-8276-52623C92A61D}"
EndProject
Project("{9A19103F-16F7-4668-BE54-9A1E7A4F7556}") = "11.High Jump", "11.High Jump\11.High Jump.csproj", "{6AD4CD1B-983D-47E3-9439-10B18DE12C42}"
EndProject
Project("{9A19103F-16F7-4668-BE54-9A1E7A4F7556}") = "12.Basketball Tournament", "12.Basketball Tournament\12.Basketball Tournament.csproj", "{C4128AB4-86FE-4A38-98FD-C7A083811962}"
EndProject
Project("{9A19103F-16F7-4668-BE54-9A1E7A4F7556}") = "13.Oscars ceremony", "13.Oscars ceremony\13.Oscars ceremony.csproj", "{91650568-7832-4A16-98F3-229CC4DA75DC}"
EndProject
Project("{9A19103F-16F7-4668-BE54-9A1E7A4F7556}") = "14.Oscars week in cinema", "14.Oscars week in cinema\14.Oscars week in cinema.csproj", "{976FA107-A138-47C1-BAD4-2E69B302738E}"
EndProject
Project("{9A19103F-16F7-4668-BE54-9A1E7A4F7556}") = "15.Cinema Voucher", "15.Cinema Voucher\15.Cinema Voucher.csproj", "{B2F1D16F-0177-453A-B570-CDB284486F9B}"
EndProject
Project("{9A19103F-16F7-4668-BE54-9A1E7A4F7556}") = "16.Movie Ratings", "16.Movie Ratings\16.Movie Ratings.csproj", "{31118A5C-54F5-4F0B-86FA-BF3E2A7A0FC4}"
EndProject
Project("{9A19103F-16F7-4668-BE54-9A1E7A4F7556}") = "17.Cinema Tickets", "17.Cinema Tickets\17.Cinema Tickets.csproj", "{9316D429-00AE-4263-BEA1-AC16802EB391}"
EndProject
Project("{9A19103F-16F7-4668-BE54-9A1E7A4F7556}") = "18.Fruit Market", "18.Fruit Market\18.Fruit Market.csproj", "{DEC2961D-E53F-4763-B92F-FB91D0C5776D}"
EndProject
Project("{9A19103F-16F7-4668-BE54-9A1E7A4F7556}") = "19.Safari", "19.Safari\19.Safari.csproj", "{A0EAAA4B-F617-4984-BE1B-D9AF2D29DD06}"
EndProject
Project("{9A19103F-16F7-4668-BE54-9A1E7A4F7556}") = "20.Mobile Operator", "20.Mobile Operator\20.Mobile Operator.csproj", "{8A191073-65E7-41EC-A3D2-89BBF71E6105}"
EndProject
Project("{9A19103F-16F7-4668-BE54-9A1E7A4F7556}") = "21.Tourist Shop", "21.Tourist Shop\21.Tourist Shop.csproj", "{DF686E54-0C6E-4B32-8203-127C999F1A61}"
EndProject
Project("{9A19103F-16F7-4668-BE54-9A1E7A4F7556}") = "22.Vet Parking", "22.Vet Parking\22.Vet Parking.csproj", "{4133C24F-9EC7-45E3-AB8B-0071C920A376}"
EndProject
Project("{9A19103F-16F7-4668-BE54-9A1E7A4F7556}") = "23.Agency Profit", "23.Agency Profit\23.Agency Profit.csproj", "{953382C6-6248-466C-BB2C-83903BB34F5D}"
EndProject
Project("{9A19103F-16F7-4668-BE54-9A1E7A4F7556}") = "24.Add Bags", "24.Add Bags\24.Add Bags.csproj", "{88294E7D-DA3F-4E75-9D6C-8DD23D084EE9}"
EndProject
Project("{9A19103F-16F7-4668-BE54-9A1E7A4F7556}") = "25.Aluminum Joinery", "25.Aluminum Joinery\25.Aluminum Joinery.csproj", "{C67D665D-1BE3-42E5-B2C6-0BE7B00F89D8}"
EndProject
Project("{9A19103F-16F7-4668-BE54-9A1E7A4F7556}") = "26.Balls", "26.Balls\26.Balls.csproj", "{D66A6AFD-AA08-47B7-8FEB-DAD991630E14}"
EndProject
Project("{9A19103F-16F7-4668-BE54-9A1E7A4F7556}") = "27.Best Player", "27.Best Player\27.Best Player.csproj", "{911C798F-3900-4CC7-AEBF-A114322A88C0}"
EndProject
Project("{9A19103F-16F7-4668-BE54-9A1E7A4F7556}") = "28.Barcode Generator", "28.Barcode Generator\28.Barcode Generator.csproj", "{7269E103-9F79-4C97-A4C5-145D30099F8A}"
EndProject
Project("{FAE04EC0-301F-11D3-BF4B-00C04F79EFBC}") = "29.Easter Lunch", "29.Easter Lunch\29.Easter Lunch.csproj", "{1F9B9F36-C81B-40C7-A276-86299DC8BC4F}"
EndProject
Project("{FAE04EC0-301F-11D3-BF4B-00C04F79EFBC}") = "30.Easter Bakery", "30.Easter Bakery\30.Easter Bakery.csproj", "{00A7D131-6050-4774-8325-CBE80C6D3B23}"
EndProject
Project("{FAE04EC0-301F-11D3-BF4B-00C04F79EFBC}") = "31.Easter Party", "31.Easter Party\31.Easter Party.csproj", "{1F07CF0D-67B4-4C13-A121-D245B204ABAB}"
EndProject
Project("{FAE04EC0-301F-11D3-BF4B-00C04F79EFBC}") = "32.Easter Guests", "32.Easter Guests\32.Easter Guests.csproj", "{75900A0E-C91C-4C1F-A2D2-99A0DDBFA13B}"
EndProject
Project("{FAE04EC0-301F-11D3-BF4B-00C04F79EFBC}") = "33.Easter Trip", "33.Easter Trip\33.Easter Trip.csproj", "{4B5ACDC4-930B-489C-BF8A-A46D619A851C}"
EndProject
Project("{FAE04EC0-301F-11D3-BF4B-00C04F79EFBC}") = "34.Painting Eggs", "34.Painting Eggs\34.Painting Eggs.csproj", "{8C8A600A-CE6C-4A10-A7E8-E73B0FF4AB72}"
EndProject
Project("{FAE04EC0-301F-11D3-BF4B-00C04F79EFBC}") = "35.Easter Eggs Battle", "35.Easter Eggs Battle\35.Easter Eggs Battle.csproj", "{3051EF3D-E5FD-4BF3-AEE3-A2AE3207EC33}"
EndProject
Project("{FAE04EC0-301F-11D3-BF4B-00C04F79EFBC}") = "36.Easter Shop", "36.Easter Shop\36.Easter Shop.csproj", "{607ED359-F0F4-4D6A-A731-9380590BC694}"
EndProject
Project("{FAE04EC0-301F-11D3-BF4B-00C04F79EFBC}") = "37.Easter Eggs", "37.Easter Eggs\37.Easter Eggs.csproj", "{78AD4381-69B4-4C68-B2EE-BE1FC03D9DEC}"
EndProject
Project("{FAE04EC0-301F-11D3-BF4B-00C04F79EFBC}") = "38.Easter Bake", "38.Easter Bake\38.Easter Bake.csproj", "{F5C6F973-0ED0-4B28-B9A0-F795C191047D}"
EndProject
Project("{FAE04EC0-301F-11D3-BF4B-00C04F79EFBC}") = "39.Easter Competition", "39.Easter Competition\39.Easter Competition.csproj", "{AE91F605-42B8-420A-BC61-1BCBD64E3EFB}"
EndProject
Project("{FAE04EC0-301F-11D3-BF4B-00C04F79EFBC}") = "40.Easter Decoration", "40.Easter Decoration\40.Easter Decoration.csproj", "{EF9F4834-3B41-424B-BE0F-5F6A877EE949}"
EndProject
Project("{FAE04EC0-301F-11D3-BF4B-00C04F79EFBC}") = "41.Series Calculator", "41.Series Calculator\41.Series Calculator.csproj", "{13AA4339-6DC6-4716-88A8-4E0BF8F407A9}"
EndProject
Project("{FAE04EC0-301F-11D3-BF4B-00C04F79EFBC}") = "42.MovieProfit", "42.MovieProfit\42.MovieProfit.csproj", "{A66F5FCF-2496-42ED-BD5E-1A9C4DE504F2}"
EndProject
Project("{FAE04EC0-301F-11D3-BF4B-00C04F79EFBC}") = "43.MovieDay", "43.MovieDay\43.MovieDay.csproj", "{D07AEBE6-A0F4-409D-8365-0D7918F39EED}"
EndProject
Project("{FAE04EC0-301F-11D3-BF4B-00C04F79EFBC}") = "44.Film Premiere", "44.Film Premiere\44.Film Premiere.csproj", "{66AD0432-B375-49FB-950C-36397679AA70}"
EndProject
Project("{FAE04EC0-301F-11D3-BF4B-00C04F79EFBC}") = "45.Cinema", "45.Cinema\45.Cinema.csproj", "{F5D432E9-B60D-4A92-AEB1-D4CF21ACB8EC}"
EndProject
Project("{FAE04EC0-301F-11D3-BF4B-00C04F79EFBC}") = "46.Movie Stars", "46.Movie Stars\46.Movie Stars.csproj", "{2F5143B0-CCF2-4AAF-941D-46E7F9C342A0}"
EndProject
Project("{FAE04EC0-301F-11D3-BF4B-00C04F79EFBC}") = "47. Series", "47. Series\47. Series.csproj", "{CAD7ED59-B8FD-4118-B3B5-FB9F6657D429}"
EndProject
Project("{FAE04EC0-301F-11D3-BF4B-00C04F79EFBC}") = "48.Favourite Movie", "48.Favourite Movie\48.Favourite Movie.csproj", "{E64F44CF-C90D-4986-B460-EAB146647DE5}"
EndProject
Project("{FAE04EC0-301F-11D3-BF4B-00C04F79EFBC}") = "49.Movie Tickets", "49.Movie Tickets\49.Movie Tickets.csproj", "{FE35B5A6-C2C6-4081-8DED-C8740D1CE11E}"
EndProject
Project("{FAE04EC0-301F-11D3-BF4B-00C04F79EFBC}") = "50.Pool Day", "50.Pool Day\50.Pool Day.csproj", "{C78C84F6-2D19-44B9-BB27-0A92BC6D0BE9}"
EndProject
Project("{FAE04EC0-301F-11D3-BF4B-00C04F79EFBC}") = "51.Family Trip", "51.Family Trip\51.Family Trip.csproj", "{0A37E1CC-C2D0-4FD7-93B6-9AEC02617562}"
EndProject
Project("{FAE04EC0-301F-11D3-BF4B-00C04F79EFBC}") = "52.Coffee Machine", "52.Coffee Machine\52.Coffee Machine.csproj", "{CE5BB5E5-F358-4FF9-AB57-BF0DD93A3C18}"
EndProject
Project("{FAE04EC0-301F-11D3-BF4B-00C04F79EFBC}") = "53.Travel Agency", "53.Travel Agency\53.Travel Agency.csproj", "{725369A5-D0EB-471D-B0F5-482EB09E630D}"
EndProject
Project("{FAE04EC0-301F-11D3-BF4B-00C04F79EFBC}") = "54.Club", "54.Club\54.Club.csproj", "{B2C1C8C4-E873-402F-A2DD-CEDEBAFE3C5D}"
EndProject
Project("{FAE04EC0-301F-11D3-BF4B-00C04F79EFBC}") = "55.Renovation", "55.Renovation\55.Renovation.csproj", "{7FD63947-9E86-4A2B-88AB-6D88880B2E87}"
EndProject
Project("{FAE04EC0-301F-11D3-BF4B-00C04F79EFBC}") = "56.PC Game Shop", "56.PC Game Shop\56.PC Game Shop.csproj", "{1232F751-DFF4-402E-9BFB-E51DB3772F17}"
EndProject
Project("{FAE04EC0-301F-11D3-BF4B-00C04F79EFBC}") = "57.Football Tournament", "57.Football Tournament\57.Football Tournament.csproj", "{1AEE339A-6E96-4A1C-B545-91417344A7D9}"
EndProject
Project("{FAE04EC0-301F-11D3-BF4B-00C04F79EFBC}") = "58.Name Game", "58.Name Game\58.Name Game.csproj", "{89C5A4A7-510B-4AB1-81EB-213102C91E2E}"
EndProject
Project("{FAE04EC0-301F-11D3-BF4B-00C04F79EFBC}") = "59.The Most Powerful Word", "59.The Most Powerful Word\59.The Most Powerful Word.csproj", "{237986ED-3714-4A6D-ADB4-4C63241322AB}"
EndProject
Global
	GlobalSection(SolutionConfigurationPlatforms) = preSolution
		Debug|Any CPU = Debug|Any CPU
		Release|Any CPU = Release|Any CPU
	EndGlobalSection
	GlobalSection(ProjectConfigurationPlatforms) = postSolution
		{696A4995-25F2-44EE-B2B0-A196E1A2D152}.Debug|Any CPU.ActiveCfg = Debug|Any CPU
		{696A4995-25F2-44EE-B2B0-A196E1A2D152}.Debug|Any CPU.Build.0 = Debug|Any CPU
		{696A4995-25F2-44EE-B2B0-A196E1A2D152}.Release|Any CPU.ActiveCfg = Release|Any CPU
		{696A4995-25F2-44EE-B2B0-A196E1A2D152}.Release|Any CPU.Build.0 = Release|Any CPU
		{13652290-C9DF-4BF1-9D1F-51D453FC5528}.Debug|Any CPU.ActiveCfg = Debug|Any CPU
		{13652290-C9DF-4BF1-9D1F-51D453FC5528}.Debug|Any CPU.Build.0 = Debug|Any CPU
		{13652290-C9DF-4BF1-9D1F-51D453FC5528}.Release|Any CPU.ActiveCfg = Release|Any CPU
		{13652290-C9DF-4BF1-9D1F-51D453FC5528}.Release|Any CPU.Build.0 = Release|Any CPU
		{37CF6D05-1967-4C0B-B18C-F51301314037}.Debug|Any CPU.ActiveCfg = Debug|Any CPU
		{37CF6D05-1967-4C0B-B18C-F51301314037}.Debug|Any CPU.Build.0 = Debug|Any CPU
		{37CF6D05-1967-4C0B-B18C-F51301314037}.Release|Any CPU.ActiveCfg = Release|Any CPU
		{37CF6D05-1967-4C0B-B18C-F51301314037}.Release|Any CPU.Build.0 = Release|Any CPU
		{3B220FAB-8F67-4887-B87F-B34AA5AC401F}.Debug|Any CPU.ActiveCfg = Debug|Any CPU
		{3B220FAB-8F67-4887-B87F-B34AA5AC401F}.Debug|Any CPU.Build.0 = Debug|Any CPU
		{3B220FAB-8F67-4887-B87F-B34AA5AC401F}.Release|Any CPU.ActiveCfg = Release|Any CPU
		{3B220FAB-8F67-4887-B87F-B34AA5AC401F}.Release|Any CPU.Build.0 = Release|Any CPU
		{CA7A6A26-897E-467F-A8F9-CA5F3002DC0B}.Debug|Any CPU.ActiveCfg = Debug|Any CPU
		{CA7A6A26-897E-467F-A8F9-CA5F3002DC0B}.Debug|Any CPU.Build.0 = Debug|Any CPU
		{CA7A6A26-897E-467F-A8F9-CA5F3002DC0B}.Release|Any CPU.ActiveCfg = Release|Any CPU
		{CA7A6A26-897E-467F-A8F9-CA5F3002DC0B}.Release|Any CPU.Build.0 = Release|Any CPU
		{8A1A96FD-A63B-464C-9462-0BC412B3DF39}.Debug|Any CPU.ActiveCfg = Debug|Any CPU
		{8A1A96FD-A63B-464C-9462-0BC412B3DF39}.Debug|Any CPU.Build.0 = Debug|Any CPU
		{8A1A96FD-A63B-464C-9462-0BC412B3DF39}.Release|Any CPU.ActiveCfg = Release|Any CPU
		{8A1A96FD-A63B-464C-9462-0BC412B3DF39}.Release|Any CPU.Build.0 = Release|Any CPU
		{31DA810F-FEC6-469C-A93F-5EEE07522F1A}.Debug|Any CPU.ActiveCfg = Debug|Any CPU
		{31DA810F-FEC6-469C-A93F-5EEE07522F1A}.Debug|Any CPU.Build.0 = Debug|Any CPU
		{31DA810F-FEC6-469C-A93F-5EEE07522F1A}.Release|Any CPU.ActiveCfg = Release|Any CPU
		{31DA810F-FEC6-469C-A93F-5EEE07522F1A}.Release|Any CPU.Build.0 = Release|Any CPU
		{C28CF992-D7BA-4304-9F50-C6EBF0982000}.Debug|Any CPU.ActiveCfg = Debug|Any CPU
		{C28CF992-D7BA-4304-9F50-C6EBF0982000}.Debug|Any CPU.Build.0 = Debug|Any CPU
		{C28CF992-D7BA-4304-9F50-C6EBF0982000}.Release|Any CPU.ActiveCfg = Release|Any CPU
		{C28CF992-D7BA-4304-9F50-C6EBF0982000}.Release|Any CPU.Build.0 = Release|Any CPU
		{59123490-3E99-4A65-B676-C6DE8217EA17}.Debug|Any CPU.ActiveCfg = Debug|Any CPU
		{59123490-3E99-4A65-B676-C6DE8217EA17}.Debug|Any CPU.Build.0 = Debug|Any CPU
		{59123490-3E99-4A65-B676-C6DE8217EA17}.Release|Any CPU.ActiveCfg = Release|Any CPU
		{59123490-3E99-4A65-B676-C6DE8217EA17}.Release|Any CPU.Build.0 = Release|Any CPU
		{BD875FD4-702D-4C2A-8276-52623C92A61D}.Debug|Any CPU.ActiveCfg = Debug|Any CPU
		{BD875FD4-702D-4C2A-8276-52623C92A61D}.Debug|Any CPU.Build.0 = Debug|Any CPU
		{BD875FD4-702D-4C2A-8276-52623C92A61D}.Release|Any CPU.ActiveCfg = Release|Any CPU
		{BD875FD4-702D-4C2A-8276-52623C92A61D}.Release|Any CPU.Build.0 = Release|Any CPU
		{6AD4CD1B-983D-47E3-9439-10B18DE12C42}.Debug|Any CPU.ActiveCfg = Debug|Any CPU
		{6AD4CD1B-983D-47E3-9439-10B18DE12C42}.Debug|Any CPU.Build.0 = Debug|Any CPU
		{6AD4CD1B-983D-47E3-9439-10B18DE12C42}.Release|Any CPU.ActiveCfg = Release|Any CPU
		{6AD4CD1B-983D-47E3-9439-10B18DE12C42}.Release|Any CPU.Build.0 = Release|Any CPU
		{C4128AB4-86FE-4A38-98FD-C7A083811962}.Debug|Any CPU.ActiveCfg = Debug|Any CPU
		{C4128AB4-86FE-4A38-98FD-C7A083811962}.Debug|Any CPU.Build.0 = Debug|Any CPU
		{C4128AB4-86FE-4A38-98FD-C7A083811962}.Release|Any CPU.ActiveCfg = Release|Any CPU
		{C4128AB4-86FE-4A38-98FD-C7A083811962}.Release|Any CPU.Build.0 = Release|Any CPU
		{91650568-7832-4A16-98F3-229CC4DA75DC}.Debug|Any CPU.ActiveCfg = Debug|Any CPU
		{91650568-7832-4A16-98F3-229CC4DA75DC}.Debug|Any CPU.Build.0 = Debug|Any CPU
		{91650568-7832-4A16-98F3-229CC4DA75DC}.Release|Any CPU.ActiveCfg = Release|Any CPU
		{91650568-7832-4A16-98F3-229CC4DA75DC}.Release|Any CPU.Build.0 = Release|Any CPU
		{976FA107-A138-47C1-BAD4-2E69B302738E}.Debug|Any CPU.ActiveCfg = Debug|Any CPU
		{976FA107-A138-47C1-BAD4-2E69B302738E}.Debug|Any CPU.Build.0 = Debug|Any CPU
		{976FA107-A138-47C1-BAD4-2E69B302738E}.Release|Any CPU.ActiveCfg = Release|Any CPU
		{976FA107-A138-47C1-BAD4-2E69B302738E}.Release|Any CPU.Build.0 = Release|Any CPU
		{B2F1D16F-0177-453A-B570-CDB284486F9B}.Debug|Any CPU.ActiveCfg = Debug|Any CPU
		{B2F1D16F-0177-453A-B570-CDB284486F9B}.Debug|Any CPU.Build.0 = Debug|Any CPU
		{B2F1D16F-0177-453A-B570-CDB284486F9B}.Release|Any CPU.ActiveCfg = Release|Any CPU
		{B2F1D16F-0177-453A-B570-CDB284486F9B}.Release|Any CPU.Build.0 = Release|Any CPU
		{31118A5C-54F5-4F0B-86FA-BF3E2A7A0FC4}.Debug|Any CPU.ActiveCfg = Debug|Any CPU
		{31118A5C-54F5-4F0B-86FA-BF3E2A7A0FC4}.Debug|Any CPU.Build.0 = Debug|Any CPU
		{31118A5C-54F5-4F0B-86FA-BF3E2A7A0FC4}.Release|Any CPU.ActiveCfg = Release|Any CPU
		{31118A5C-54F5-4F0B-86FA-BF3E2A7A0FC4}.Release|Any CPU.Build.0 = Release|Any CPU
		{9316D429-00AE-4263-BEA1-AC16802EB391}.Debug|Any CPU.ActiveCfg = Debug|Any CPU
		{9316D429-00AE-4263-BEA1-AC16802EB391}.Debug|Any CPU.Build.0 = Debug|Any CPU
		{9316D429-00AE-4263-BEA1-AC16802EB391}.Release|Any CPU.ActiveCfg = Release|Any CPU
		{9316D429-00AE-4263-BEA1-AC16802EB391}.Release|Any CPU.Build.0 = Release|Any CPU
		{DEC2961D-E53F-4763-B92F-FB91D0C5776D}.Debug|Any CPU.ActiveCfg = Debug|Any CPU
		{DEC2961D-E53F-4763-B92F-FB91D0C5776D}.Debug|Any CPU.Build.0 = Debug|Any CPU
		{DEC2961D-E53F-4763-B92F-FB91D0C5776D}.Release|Any CPU.ActiveCfg = Release|Any CPU
		{DEC2961D-E53F-4763-B92F-FB91D0C5776D}.Release|Any CPU.Build.0 = Release|Any CPU
		{A0EAAA4B-F617-4984-BE1B-D9AF2D29DD06}.Debug|Any CPU.ActiveCfg = Debug|Any CPU
		{A0EAAA4B-F617-4984-BE1B-D9AF2D29DD06}.Debug|Any CPU.Build.0 = Debug|Any CPU
		{A0EAAA4B-F617-4984-BE1B-D9AF2D29DD06}.Release|Any CPU.ActiveCfg = Release|Any CPU
		{A0EAAA4B-F617-4984-BE1B-D9AF2D29DD06}.Release|Any CPU.Build.0 = Release|Any CPU
		{8A191073-65E7-41EC-A3D2-89BBF71E6105}.Debug|Any CPU.ActiveCfg = Debug|Any CPU
		{8A191073-65E7-41EC-A3D2-89BBF71E6105}.Debug|Any CPU.Build.0 = Debug|Any CPU
		{8A191073-65E7-41EC-A3D2-89BBF71E6105}.Release|Any CPU.ActiveCfg = Release|Any CPU
		{8A191073-65E7-41EC-A3D2-89BBF71E6105}.Release|Any CPU.Build.0 = Release|Any CPU
		{DF686E54-0C6E-4B32-8203-127C999F1A61}.Debug|Any CPU.ActiveCfg = Debug|Any CPU
		{DF686E54-0C6E-4B32-8203-127C999F1A61}.Debug|Any CPU.Build.0 = Debug|Any CPU
		{DF686E54-0C6E-4B32-8203-127C999F1A61}.Release|Any CPU.ActiveCfg = Release|Any CPU
		{DF686E54-0C6E-4B32-8203-127C999F1A61}.Release|Any CPU.Build.0 = Release|Any CPU
		{4133C24F-9EC7-45E3-AB8B-0071C920A376}.Debug|Any CPU.ActiveCfg = Debug|Any CPU
		{4133C24F-9EC7-45E3-AB8B-0071C920A376}.Debug|Any CPU.Build.0 = Debug|Any CPU
		{4133C24F-9EC7-45E3-AB8B-0071C920A376}.Release|Any CPU.ActiveCfg = Release|Any CPU
		{4133C24F-9EC7-45E3-AB8B-0071C920A376}.Release|Any CPU.Build.0 = Release|Any CPU
		{953382C6-6248-466C-BB2C-83903BB34F5D}.Debug|Any CPU.ActiveCfg = Debug|Any CPU
		{953382C6-6248-466C-BB2C-83903BB34F5D}.Debug|Any CPU.Build.0 = Debug|Any CPU
		{953382C6-6248-466C-BB2C-83903BB34F5D}.Release|Any CPU.ActiveCfg = Release|Any CPU
		{953382C6-6248-466C-BB2C-83903BB34F5D}.Release|Any CPU.Build.0 = Release|Any CPU
		{88294E7D-DA3F-4E75-9D6C-8DD23D084EE9}.Debug|Any CPU.ActiveCfg = Debug|Any CPU
		{88294E7D-DA3F-4E75-9D6C-8DD23D084EE9}.Debug|Any CPU.Build.0 = Debug|Any CPU
		{88294E7D-DA3F-4E75-9D6C-8DD23D084EE9}.Release|Any CPU.ActiveCfg = Release|Any CPU
		{88294E7D-DA3F-4E75-9D6C-8DD23D084EE9}.Release|Any CPU.Build.0 = Release|Any CPU
		{C67D665D-1BE3-42E5-B2C6-0BE7B00F89D8}.Debug|Any CPU.ActiveCfg = Debug|Any CPU
		{C67D665D-1BE3-42E5-B2C6-0BE7B00F89D8}.Debug|Any CPU.Build.0 = Debug|Any CPU
		{C67D665D-1BE3-42E5-B2C6-0BE7B00F89D8}.Release|Any CPU.ActiveCfg = Release|Any CPU
		{C67D665D-1BE3-42E5-B2C6-0BE7B00F89D8}.Release|Any CPU.Build.0 = Release|Any CPU
		{D66A6AFD-AA08-47B7-8FEB-DAD991630E14}.Debug|Any CPU.ActiveCfg = Debug|Any CPU
		{D66A6AFD-AA08-47B7-8FEB-DAD991630E14}.Debug|Any CPU.Build.0 = Debug|Any CPU
		{D66A6AFD-AA08-47B7-8FEB-DAD991630E14}.Release|Any CPU.ActiveCfg = Release|Any CPU
		{D66A6AFD-AA08-47B7-8FEB-DAD991630E14}.Release|Any CPU.Build.0 = Release|Any CPU
		{911C798F-3900-4CC7-AEBF-A114322A88C0}.Debug|Any CPU.ActiveCfg = Debug|Any CPU
		{911C798F-3900-4CC7-AEBF-A114322A88C0}.Debug|Any CPU.Build.0 = Debug|Any CPU
		{911C798F-3900-4CC7-AEBF-A114322A88C0}.Release|Any CPU.ActiveCfg = Release|Any CPU
		{911C798F-3900-4CC7-AEBF-A114322A88C0}.Release|Any CPU.Build.0 = Release|Any CPU
		{7269E103-9F79-4C97-A4C5-145D30099F8A}.Debug|Any CPU.ActiveCfg = Debug|Any CPU
		{7269E103-9F79-4C97-A4C5-145D30099F8A}.Debug|Any CPU.Build.0 = Debug|Any CPU
		{7269E103-9F79-4C97-A4C5-145D30099F8A}.Release|Any CPU.ActiveCfg = Release|Any CPU
		{7269E103-9F79-4C97-A4C5-145D30099F8A}.Release|Any CPU.Build.0 = Release|Any CPU
		{1F9B9F36-C81B-40C7-A276-86299DC8BC4F}.Debug|Any CPU.ActiveCfg = Debug|Any CPU
		{1F9B9F36-C81B-40C7-A276-86299DC8BC4F}.Debug|Any CPU.Build.0 = Debug|Any CPU
		{1F9B9F36-C81B-40C7-A276-86299DC8BC4F}.Release|Any CPU.ActiveCfg = Release|Any CPU
		{1F9B9F36-C81B-40C7-A276-86299DC8BC4F}.Release|Any CPU.Build.0 = Release|Any CPU
		{00A7D131-6050-4774-8325-CBE80C6D3B23}.Debug|Any CPU.ActiveCfg = Debug|Any CPU
		{00A7D131-6050-4774-8325-CBE80C6D3B23}.Debug|Any CPU.Build.0 = Debug|Any CPU
		{00A7D131-6050-4774-8325-CBE80C6D3B23}.Release|Any CPU.ActiveCfg = Release|Any CPU
		{00A7D131-6050-4774-8325-CBE80C6D3B23}.Release|Any CPU.Build.0 = Release|Any CPU
		{1F07CF0D-67B4-4C13-A121-D245B204ABAB}.Debug|Any CPU.ActiveCfg = Debug|Any CPU
		{1F07CF0D-67B4-4C13-A121-D245B204ABAB}.Debug|Any CPU.Build.0 = Debug|Any CPU
		{1F07CF0D-67B4-4C13-A121-D245B204ABAB}.Release|Any CPU.ActiveCfg = Release|Any CPU
		{1F07CF0D-67B4-4C13-A121-D245B204ABAB}.Release|Any CPU.Build.0 = Release|Any CPU
		{75900A0E-C91C-4C1F-A2D2-99A0DDBFA13B}.Debug|Any CPU.ActiveCfg = Debug|Any CPU
		{75900A0E-C91C-4C1F-A2D2-99A0DDBFA13B}.Debug|Any CPU.Build.0 = Debug|Any CPU
		{75900A0E-C91C-4C1F-A2D2-99A0DDBFA13B}.Release|Any CPU.ActiveCfg = Release|Any CPU
		{75900A0E-C91C-4C1F-A2D2-99A0DDBFA13B}.Release|Any CPU.Build.0 = Release|Any CPU
		{4B5ACDC4-930B-489C-BF8A-A46D619A851C}.Debug|Any CPU.ActiveCfg = Debug|Any CPU
		{4B5ACDC4-930B-489C-BF8A-A46D619A851C}.Debug|Any CPU.Build.0 = Debug|Any CPU
		{4B5ACDC4-930B-489C-BF8A-A46D619A851C}.Release|Any CPU.ActiveCfg = Release|Any CPU
		{4B5ACDC4-930B-489C-BF8A-A46D619A851C}.Release|Any CPU.Build.0 = Release|Any CPU
		{8C8A600A-CE6C-4A10-A7E8-E73B0FF4AB72}.Debug|Any CPU.ActiveCfg = Debug|Any CPU
		{8C8A600A-CE6C-4A10-A7E8-E73B0FF4AB72}.Debug|Any CPU.Build.0 = Debug|Any CPU
		{8C8A600A-CE6C-4A10-A7E8-E73B0FF4AB72}.Release|Any CPU.ActiveCfg = Release|Any CPU
		{8C8A600A-CE6C-4A10-A7E8-E73B0FF4AB72}.Release|Any CPU.Build.0 = Release|Any CPU
		{3051EF3D-E5FD-4BF3-AEE3-A2AE3207EC33}.Debug|Any CPU.ActiveCfg = Debug|Any CPU
		{3051EF3D-E5FD-4BF3-AEE3-A2AE3207EC33}.Debug|Any CPU.Build.0 = Debug|Any CPU
		{3051EF3D-E5FD-4BF3-AEE3-A2AE3207EC33}.Release|Any CPU.ActiveCfg = Release|Any CPU
		{3051EF3D-E5FD-4BF3-AEE3-A2AE3207EC33}.Release|Any CPU.Build.0 = Release|Any CPU
		{607ED359-F0F4-4D6A-A731-9380590BC694}.Debug|Any CPU.ActiveCfg = Debug|Any CPU
		{607ED359-F0F4-4D6A-A731-9380590BC694}.Debug|Any CPU.Build.0 = Debug|Any CPU
		{607ED359-F0F4-4D6A-A731-9380590BC694}.Release|Any CPU.ActiveCfg = Release|Any CPU
		{607ED359-F0F4-4D6A-A731-9380590BC694}.Release|Any CPU.Build.0 = Release|Any CPU
		{78AD4381-69B4-4C68-B2EE-BE1FC03D9DEC}.Debug|Any CPU.ActiveCfg = Debug|Any CPU
		{78AD4381-69B4-4C68-B2EE-BE1FC03D9DEC}.Debug|Any CPU.Build.0 = Debug|Any CPU
		{78AD4381-69B4-4C68-B2EE-BE1FC03D9DEC}.Release|Any CPU.ActiveCfg = Release|Any CPU
		{78AD4381-69B4-4C68-B2EE-BE1FC03D9DEC}.Release|Any CPU.Build.0 = Release|Any CPU
		{F5C6F973-0ED0-4B28-B9A0-F795C191047D}.Debug|Any CPU.ActiveCfg = Debug|Any CPU
		{F5C6F973-0ED0-4B28-B9A0-F795C191047D}.Debug|Any CPU.Build.0 = Debug|Any CPU
		{F5C6F973-0ED0-4B28-B9A0-F795C191047D}.Release|Any CPU.ActiveCfg = Release|Any CPU
		{F5C6F973-0ED0-4B28-B9A0-F795C191047D}.Release|Any CPU.Build.0 = Release|Any CPU
		{AE91F605-42B8-420A-BC61-1BCBD64E3EFB}.Debug|Any CPU.ActiveCfg = Debug|Any CPU
		{AE91F605-42B8-420A-BC61-1BCBD64E3EFB}.Debug|Any CPU.Build.0 = Debug|Any CPU
		{AE91F605-42B8-420A-BC61-1BCBD64E3EFB}.Release|Any CPU.ActiveCfg = Release|Any CPU
		{AE91F605-42B8-420A-BC61-1BCBD64E3EFB}.Release|Any CPU.Build.0 = Release|Any CPU
		{EF9F4834-3B41-424B-BE0F-5F6A877EE949}.Debug|Any CPU.ActiveCfg = Debug|Any CPU
		{EF9F4834-3B41-424B-BE0F-5F6A877EE949}.Debug|Any CPU.Build.0 = Debug|Any CPU
		{EF9F4834-3B41-424B-BE0F-5F6A877EE949}.Release|Any CPU.ActiveCfg = Release|Any CPU
		{EF9F4834-3B41-424B-BE0F-5F6A877EE949}.Release|Any CPU.Build.0 = Release|Any CPU
		{13AA4339-6DC6-4716-88A8-4E0BF8F407A9}.Debug|Any CPU.ActiveCfg = Debug|Any CPU
		{13AA4339-6DC6-4716-88A8-4E0BF8F407A9}.Debug|Any CPU.Build.0 = Debug|Any CPU
		{13AA4339-6DC6-4716-88A8-4E0BF8F407A9}.Release|Any CPU.ActiveCfg = Release|Any CPU
		{13AA4339-6DC6-4716-88A8-4E0BF8F407A9}.Release|Any CPU.Build.0 = Release|Any CPU
		{A66F5FCF-2496-42ED-BD5E-1A9C4DE504F2}.Debug|Any CPU.ActiveCfg = Debug|Any CPU
		{A66F5FCF-2496-42ED-BD5E-1A9C4DE504F2}.Debug|Any CPU.Build.0 = Debug|Any CPU
		{A66F5FCF-2496-42ED-BD5E-1A9C4DE504F2}.Release|Any CPU.ActiveCfg = Release|Any CPU
		{A66F5FCF-2496-42ED-BD5E-1A9C4DE504F2}.Release|Any CPU.Build.0 = Release|Any CPU
		{D07AEBE6-A0F4-409D-8365-0D7918F39EED}.Debug|Any CPU.ActiveCfg = Debug|Any CPU
		{D07AEBE6-A0F4-409D-8365-0D7918F39EED}.Debug|Any CPU.Build.0 = Debug|Any CPU
		{D07AEBE6-A0F4-409D-8365-0D7918F39EED}.Release|Any CPU.ActiveCfg = Release|Any CPU
		{D07AEBE6-A0F4-409D-8365-0D7918F39EED}.Release|Any CPU.Build.0 = Release|Any CPU
		{66AD0432-B375-49FB-950C-36397679AA70}.Debug|Any CPU.ActiveCfg = Debug|Any CPU
		{66AD0432-B375-49FB-950C-36397679AA70}.Debug|Any CPU.Build.0 = Debug|Any CPU
		{66AD0432-B375-49FB-950C-36397679AA70}.Release|Any CPU.ActiveCfg = Release|Any CPU
		{66AD0432-B375-49FB-950C-36397679AA70}.Release|Any CPU.Build.0 = Release|Any CPU
		{F5D432E9-B60D-4A92-AEB1-D4CF21ACB8EC}.Debug|Any CPU.ActiveCfg = Debug|Any CPU
		{F5D432E9-B60D-4A92-AEB1-D4CF21ACB8EC}.Debug|Any CPU.Build.0 = Debug|Any CPU
		{F5D432E9-B60D-4A92-AEB1-D4CF21ACB8EC}.Release|Any CPU.ActiveCfg = Release|Any CPU
		{F5D432E9-B60D-4A92-AEB1-D4CF21ACB8EC}.Release|Any CPU.Build.0 = Release|Any CPU
		{2F5143B0-CCF2-4AAF-941D-46E7F9C342A0}.Debug|Any CPU.ActiveCfg = Debug|Any CPU
		{2F5143B0-CCF2-4AAF-941D-46E7F9C342A0}.Debug|Any CPU.Build.0 = Debug|Any CPU
		{2F5143B0-CCF2-4AAF-941D-46E7F9C342A0}.Release|Any CPU.ActiveCfg = Release|Any CPU
		{2F5143B0-CCF2-4AAF-941D-46E7F9C342A0}.Release|Any CPU.Build.0 = Release|Any CPU
		{CAD7ED59-B8FD-4118-B3B5-FB9F6657D429}.Debug|Any CPU.ActiveCfg = Debug|Any CPU
		{CAD7ED59-B8FD-4118-B3B5-FB9F6657D429}.Debug|Any CPU.Build.0 = Debug|Any CPU
		{CAD7ED59-B8FD-4118-B3B5-FB9F6657D429}.Release|Any CPU.ActiveCfg = Release|Any CPU
		{CAD7ED59-B8FD-4118-B3B5-FB9F6657D429}.Release|Any CPU.Build.0 = Release|Any CPU
		{E64F44CF-C90D-4986-B460-EAB146647DE5}.Debug|Any CPU.ActiveCfg = Debug|Any CPU
		{E64F44CF-C90D-4986-B460-EAB146647DE5}.Debug|Any CPU.Build.0 = Debug|Any CPU
		{E64F44CF-C90D-4986-B460-EAB146647DE5}.Release|Any CPU.ActiveCfg = Release|Any CPU
		{E64F44CF-C90D-4986-B460-EAB146647DE5}.Release|Any CPU.Build.0 = Release|Any CPU
		{FE35B5A6-C2C6-4081-8DED-C8740D1CE11E}.Debug|Any CPU.ActiveCfg = Debug|Any CPU
		{FE35B5A6-C2C6-4081-8DED-C8740D1CE11E}.Debug|Any CPU.Build.0 = Debug|Any CPU
		{FE35B5A6-C2C6-4081-8DED-C8740D1CE11E}.Release|Any CPU.ActiveCfg = Release|Any CPU
		{FE35B5A6-C2C6-4081-8DED-C8740D1CE11E}.Release|Any CPU.Build.0 = Release|Any CPU
		{C78C84F6-2D19-44B9-BB27-0A92BC6D0BE9}.Debug|Any CPU.ActiveCfg = Debug|Any CPU
		{C78C84F6-2D19-44B9-BB27-0A92BC6D0BE9}.Debug|Any CPU.Build.0 = Debug|Any CPU
		{C78C84F6-2D19-44B9-BB27-0A92BC6D0BE9}.Release|Any CPU.ActiveCfg = Release|Any CPU
		{C78C84F6-2D19-44B9-BB27-0A92BC6D0BE9}.Release|Any CPU.Build.0 = Release|Any CPU
		{0A37E1CC-C2D0-4FD7-93B6-9AEC02617562}.Debug|Any CPU.ActiveCfg = Debug|Any CPU
		{0A37E1CC-C2D0-4FD7-93B6-9AEC02617562}.Debug|Any CPU.Build.0 = Debug|Any CPU
		{0A37E1CC-C2D0-4FD7-93B6-9AEC02617562}.Release|Any CPU.ActiveCfg = Release|Any CPU
		{0A37E1CC-C2D0-4FD7-93B6-9AEC02617562}.Release|Any CPU.Build.0 = Release|Any CPU
		{CE5BB5E5-F358-4FF9-AB57-BF0DD93A3C18}.Debug|Any CPU.ActiveCfg = Debug|Any CPU
		{CE5BB5E5-F358-4FF9-AB57-BF0DD93A3C18}.Debug|Any CPU.Build.0 = Debug|Any CPU
		{CE5BB5E5-F358-4FF9-AB57-BF0DD93A3C18}.Release|Any CPU.ActiveCfg = Release|Any CPU
		{CE5BB5E5-F358-4FF9-AB57-BF0DD93A3C18}.Release|Any CPU.Build.0 = Release|Any CPU
		{725369A5-D0EB-471D-B0F5-482EB09E630D}.Debug|Any CPU.ActiveCfg = Debug|Any CPU
		{725369A5-D0EB-471D-B0F5-482EB09E630D}.Debug|Any CPU.Build.0 = Debug|Any CPU
		{725369A5-D0EB-471D-B0F5-482EB09E630D}.Release|Any CPU.ActiveCfg = Release|Any CPU
		{725369A5-D0EB-471D-B0F5-482EB09E630D}.Release|Any CPU.Build.0 = Release|Any CPU
		{B2C1C8C4-E873-402F-A2DD-CEDEBAFE3C5D}.Debug|Any CPU.ActiveCfg = Debug|Any CPU
		{B2C1C8C4-E873-402F-A2DD-CEDEBAFE3C5D}.Debug|Any CPU.Build.0 = Debug|Any CPU
		{B2C1C8C4-E873-402F-A2DD-CEDEBAFE3C5D}.Release|Any CPU.ActiveCfg = Release|Any CPU
		{B2C1C8C4-E873-402F-A2DD-CEDEBAFE3C5D}.Release|Any CPU.Build.0 = Release|Any CPU
		{7FD63947-9E86-4A2B-88AB-6D88880B2E87}.Debug|Any CPU.ActiveCfg = Debug|Any CPU
		{7FD63947-9E86-4A2B-88AB-6D88880B2E87}.Debug|Any CPU.Build.0 = Debug|Any CPU
		{7FD63947-9E86-4A2B-88AB-6D88880B2E87}.Release|Any CPU.ActiveCfg = Release|Any CPU
		{7FD63947-9E86-4A2B-88AB-6D88880B2E87}.Release|Any CPU.Build.0 = Release|Any CPU
		{1232F751-DFF4-402E-9BFB-E51DB3772F17}.Debug|Any CPU.ActiveCfg = Debug|Any CPU
		{1232F751-DFF4-402E-9BFB-E51DB3772F17}.Debug|Any CPU.Build.0 = Debug|Any CPU
		{1232F751-DFF4-402E-9BFB-E51DB3772F17}.Release|Any CPU.ActiveCfg = Release|Any CPU
		{1232F751-DFF4-402E-9BFB-E51DB3772F17}.Release|Any CPU.Build.0 = Release|Any CPU
		{1AEE339A-6E96-4A1C-B545-91417344A7D9}.Debug|Any CPU.ActiveCfg = Debug|Any CPU
		{1AEE339A-6E96-4A1C-B545-91417344A7D9}.Debug|Any CPU.Build.0 = Debug|Any CPU
		{1AEE339A-6E96-4A1C-B545-91417344A7D9}.Release|Any CPU.ActiveCfg = Release|Any CPU
		{1AEE339A-6E96-4A1C-B545-91417344A7D9}.Release|Any CPU.Build.0 = Release|Any CPU
		{89C5A4A7-510B-4AB1-81EB-213102C91E2E}.Debug|Any CPU.ActiveCfg = Debug|Any CPU
		{89C5A4A7-510B-4AB1-81EB-213102C91E2E}.Debug|Any CPU.Build.0 = Debug|Any CPU
		{89C5A4A7-510B-4AB1-81EB-213102C91E2E}.Release|Any CPU.ActiveCfg = Release|Any CPU
		{89C5A4A7-510B-4AB1-81EB-213102C91E2E}.Release|Any CPU.Build.0 = Release|Any CPU
		{237986ED-3714-4A6D-ADB4-4C63241322AB}.Debug|Any CPU.ActiveCfg = Debug|Any CPU
		{237986ED-3714-4A6D-ADB4-4C63241322AB}.Debug|Any CPU.Build.0 = Debug|Any CPU
		{237986ED-3714-4A6D-ADB4-4C63241322AB}.Release|Any CPU.ActiveCfg = Release|Any CPU
		{237986ED-3714-4A6D-ADB4-4C63241322AB}.Release|Any CPU.Build.0 = Release|Any CPU
	EndGlobalSection
	GlobalSection(SolutionProperties) = preSolution
		HideSolutionNode = FALSE
	EndGlobalSection
	GlobalSection(ExtensibilityGlobals) = postSolution
		SolutionGuid = {C41E44B1-7F99-44FC-947C-0BAE0AE9F46E}
	EndGlobalSection
EndGlobal
