
Microsoft Visual Studio Solution File, Format Version 12.00
# Visual Studio Version 17
VisualStudioVersion = 17.7.34202.233
MinimumVisualStudioVersion = 10.0.40219.1
Project("{9A19103F-16F7-4668-BE54-9A1E7A4F7556}") = "01.Tennis Equipment", "01.Tennis Equipment\01.Tennis Equipment.csproj", "{696A4995-25F2-44EE-B2B0-A196E1A2D152}"
EndProject
Project("{9A19103F-16F7-4668-BE54-9A1E7A4F7556}") = "02.Basketball Equipment", "02.Basketball Equipment\02.Basketball Equipment.csproj", "{13652290-C9DF-4BF1-9D1F-51D453FC5528}"
EndProject
Project("{9A19103F-16F7-4668-BE54-9A1E7A4F7556}") = "03.Football Results", "03.Football Results\03.Football Results.csproj", "{37CF6D05-1967-4C0B-B18C-F51301314037}"
EndProject
Project("{9A19103F-16F7-4668-BE54-9A1E7A4F7556}") = "04.Skeleton", "04.Skeleton\04.Skeleton.csproj", "{3B220FAB-8F67-4887-B87F-B34AA5AC401F}"
EndProject
Project("{9A19103F-16F7-4668-BE54-9A1E7A4F7556}") = "05.Gymnastics", "05.Gymnastics\05.Gymnastics.csproj", "{CA7A6A26-897E-467F-A8F9-CA5F3002DC0B}"
EndProject
Project("{9A19103F-16F7-4668-BE54-9A1E7A4F7556}") = "06.World Snooker Championship", "06.World Snooker Championship\06.World Snooker Championship.csproj", "{8A1A96FD-A63B-464C-9462-0BC412B3DF39}"
EndProject
Project("{9A19103F-16F7-4668-BE54-9A1E7A4F7556}") = "07.Game Number Wars", "07.Game Number Wars\07.Game Number Wars.csproj", "{31DA810F-FEC6-469C-A93F-5EEE07522F1A}"
EndProject
Project("{9A19103F-16F7-4668-BE54-9A1E7A4F7556}") = "08.Darts", "08.Darts\08.Darts.csproj", "{C28CF992-D7BA-4304-9F50-C6EBF0982000}"
EndProject
Project("{9A19103F-16F7-4668-BE54-9A1E7A4F7556}") = "09.Tennis Ranklist", "09.Tennis Ranklist\09.Tennis Ranklist.csproj", "{59123490-3E99-4A65-B676-C6DE8217EA17}"
EndProject
Project("{9A19103F-16F7-4668-BE54-9A1E7A4F7556}") = "10.Fitness Center", "10.Fitness Center\10.Fitness Center.csproj", "{BD875FD4-702D-4C2A-8276-52623C92A61D}"
EndProject
Project("{9A19103F-16F7-4668-BE54-9A1E7A4F7556}") = "11.High Jump", "11.High Jump\11.High Jump.csproj", "{6AD4CD1B-983D-47E3-9439-10B18DE12C42}"
EndProject
Project("{9A19103F-16F7-4668-BE54-9A1E7A4F7556}") = "12.Basketball Tournament", "12.Basketball Tournament\12.Basketball Tournament.csproj", "{C4128AB4-86FE-4A38-98FD-C7A083811962}"
EndProject
Project("{9A19103F-16F7-4668-BE54-9A1E7A4F7556}") = "13.Oscars ceremony", "13.Oscars ceremony\13.Oscars ceremony.csproj", "{91650568-7832-4A16-98F3-229CC4DA75DC}"
EndProject
Project("{9A19103F-16F7-4668-BE54-9A1E7A4F7556}") = "14.Oscars week in cinema", "14.Oscars week in cinema\14.Oscars week in cinema.csproj", "{976FA107-A138-47C1-BAD4-2E69B302738E}"
EndProject
Project("{9A19103F-16F7-4668-BE54-9A1E7A4F7556}") = "15.Cinema Voucher", "15.Cinema Voucher\15.Cinema Voucher.csproj", "{B2F1D16F-0177-453A-B570-CDB284486F9B}"
EndProject
Project("{9A19103F-16F7-4668-BE54-9A1E7A4F7556}") = "16.Movie Ratings", "16.Movie Ratings\16.Movie Ratings.csproj", "{31118A5C-54F5-4F0B-86FA-BF3E2A7A0FC4}"
EndProject
Project("{9A19103F-16F7-4668-BE54-9A1E7A4F7556}") = "17.Cinema Tickets", "17.Cinema Tickets\17.Cinema Tickets.csproj", "{9316D429-00AE-4263-BEA1-AC16802EB391}"
EndProject
Project("{FAE04EC0-301F-11D3-BF4B-00C04F79EFBC}") = "18.Fruit Market", "18.Fruit Market\18.Fruit Market.csproj", "{DEC2961D-E53F-4763-B92F-FB91D0C5776D}"
EndProject
Project("{FAE04EC0-301F-11D3-BF4B-00C04F79EFBC}") = "19.Safari", "19.Safari\19.Safari.csproj", "{A0EAAA4B-F617-4984-BE1B-D9AF2D29DD06}"
EndProject
Project("{FAE04EC0-301F-11D3-BF4B-00C04F79EFBC}") = "20.Mobile Operator", "20.Mobile Operator\20.Mobile Operator.csproj", "{8A191073-65E7-41EC-A3D2-89BBF71E6105}"
EndProject
Project("{FAE04EC0-301F-11D3-BF4B-00C04F79EFBC}") = "21.Tourist Shop", "21.Tourist Shop\21.Tourist Shop.csproj", "{DF686E54-0C6E-4B32-8203-127C999F1A61}"
EndProject
Project("{FAE04EC0-301F-11D3-BF4B-00C04F79EFBC}") = "22.Vet Parking", "22.Vet Parking\22.Vet Parking.csproj", "{4133C24F-9EC7-45E3-AB8B-0071C920A376}"
EndProject
Project("{FAE04EC0-301F-11D3-BF4B-00C04F79EFBC}") = "23.Agency Profit", "23.Agency Profit\23.Agency Profit.csproj", "{953382C6-6248-466C-BB2C-83903BB34F5D}"
EndProject
Project("{FAE04EC0-301F-11D3-BF4B-00C04F79EFBC}") = "24.Add Bags", "24.Add Bags\24.Add Bags.csproj", "{88294E7D-DA3F-4E75-9D6C-8DD23D084EE9}"
EndProject
Project("{FAE04EC0-301F-11D3-BF4B-00C04F79EFBC}") = "25.Aluminum Joinery", "25.Aluminum Joinery\25.Aluminum Joinery.csproj", "{C67D665D-1BE3-42E5-B2C6-0BE7B00F89D8}"
EndProject
Project("{FAE04EC0-301F-11D3-BF4B-00C04F79EFBC}") = "26.Balls", "26.Balls\26.Balls.csproj", "{D66A6AFD-AA08-47B7-8FEB-DAD991630E14}"
EndProject
Project("{FAE04EC0-301F-11D3-BF4B-00C04F79EFBC}") = "27.Best Player", "27.Best Player\27.Best Player.csproj", "{911C798F-3900-4CC7-AEBF-A114322A88C0}"
EndProject
Project("{FAE04EC0-301F-11D3-BF4B-00C04F79EFBC}") = "28.Barcode Generator", "28.Barcode Generator\28.Barcode Generator.csproj", "{7269E103-9F79-4C97-A4C5-145D30099F8A}"
EndProject
Global
	GlobalSection(SolutionConfigurationPlatforms) = preSolution
		Debug|Any CPU = Debug|Any CPU
		Release|Any CPU = Release|Any CPU
	EndGlobalSection
	GlobalSection(ProjectConfigurationPlatforms) = postSolution
		{696A4995-25F2-44EE-B2B0-A196E1A2D152}.Debug|Any CPU.ActiveCfg = Debug|Any CPU
		{696A4995-25F2-44EE-B2B0-A196E1A2D152}.Debug|Any CPU.Build.0 = Debug|Any CPU
		{696A4995-25F2-44EE-B2B0-A196E1A2D152}.Release|Any CPU.ActiveCfg = Release|Any CPU
		{696A4995-25F2-44EE-B2B0-A196E1A2D152}.Release|Any CPU.Build.0 = Release|Any CPU
		{13652290-C9DF-4BF1-9D1F-51D453FC5528}.Debug|Any CPU.ActiveCfg = Debug|Any CPU
		{13652290-C9DF-4BF1-9D1F-51D453FC5528}.Debug|Any CPU.Build.0 = Debug|Any CPU
		{13652290-C9DF-4BF1-9D1F-51D453FC5528}.Release|Any CPU.ActiveCfg = Release|Any CPU
		{13652290-C9DF-4BF1-9D1F-51D453FC5528}.Release|Any CPU.Build.0 = Release|Any CPU
		{37CF6D05-1967-4C0B-B18C-F51301314037}.Debug|Any CPU.ActiveCfg = Debug|Any CPU
		{37CF6D05-1967-4C0B-B18C-F51301314037}.Debug|Any CPU.Build.0 = Debug|Any CPU
		{37CF6D05-1967-4C0B-B18C-F51301314037}.Release|Any CPU.ActiveCfg = Release|Any CPU
		{37CF6D05-1967-4C0B-B18C-F51301314037}.Release|Any CPU.Build.0 = Release|Any CPU
		{3B220FAB-8F67-4887-B87F-B34AA5AC401F}.Debug|Any CPU.ActiveCfg = Debug|Any CPU
		{3B220FAB-8F67-4887-B87F-B34AA5AC401F}.Debug|Any CPU.Build.0 = Debug|Any CPU
		{3B220FAB-8F67-4887-B87F-B34AA5AC401F}.Release|Any CPU.ActiveCfg = Release|Any CPU
		{3B220FAB-8F67-4887-B87F-B34AA5AC401F}.Release|Any CPU.Build.0 = Release|Any CPU
		{CA7A6A26-897E-467F-A8F9-CA5F3002DC0B}.Debug|Any CPU.ActiveCfg = Debug|Any CPU
		{CA7A6A26-897E-467F-A8F9-CA5F3002DC0B}.Debug|Any CPU.Build.0 = Debug|Any CPU
		{CA7A6A26-897E-467F-A8F9-CA5F3002DC0B}.Release|Any CPU.ActiveCfg = Release|Any CPU
		{CA7A6A26-897E-467F-A8F9-CA5F3002DC0B}.Release|Any CPU.Build.0 = Release|Any CPU
		{8A1A96FD-A63B-464C-9462-0BC412B3DF39}.Debug|Any CPU.ActiveCfg = Debug|Any CPU
		{8A1A96FD-A63B-464C-9462-0BC412B3DF39}.Debug|Any CPU.Build.0 = Debug|Any CPU
		{8A1A96FD-A63B-464C-9462-0BC412B3DF39}.Release|Any CPU.ActiveCfg = Release|Any CPU
		{8A1A96FD-A63B-464C-9462-0BC412B3DF39}.Release|Any CPU.Build.0 = Release|Any CPU
		{31DA810F-FEC6-469C-A93F-5EEE07522F1A}.Debug|Any CPU.ActiveCfg = Debug|Any CPU
		{31DA810F-FEC6-469C-A93F-5EEE07522F1A}.Debug|Any CPU.Build.0 = Debug|Any CPU
		{31DA810F-FEC6-469C-A93F-5EEE07522F1A}.Release|Any CPU.ActiveCfg = Release|Any CPU
		{31DA810F-FEC6-469C-A93F-5EEE07522F1A}.Release|Any CPU.Build.0 = Release|Any CPU
		{C28CF992-D7BA-4304-9F50-C6EBF0982000}.Debug|Any CPU.ActiveCfg = Debug|Any CPU
		{C28CF992-D7BA-4304-9F50-C6EBF0982000}.Debug|Any CPU.Build.0 = Debug|Any CPU
		{C28CF992-D7BA-4304-9F50-C6EBF0982000}.Release|Any CPU.ActiveCfg = Release|Any CPU
		{C28CF992-D7BA-4304-9F50-C6EBF0982000}.Release|Any CPU.Build.0 = Release|Any CPU
		{59123490-3E99-4A65-B676-C6DE8217EA17}.Debug|Any CPU.ActiveCfg = Debug|Any CPU
		{59123490-3E99-4A65-B676-C6DE8217EA17}.Debug|Any CPU.Build.0 = Debug|Any CPU
		{59123490-3E99-4A65-B676-C6DE8217EA17}.Release|Any CPU.ActiveCfg = Release|Any CPU
		{59123490-3E99-4A65-B676-C6DE8217EA17}.Release|Any CPU.Build.0 = Release|Any CPU
		{BD875FD4-702D-4C2A-8276-52623C92A61D}.Debug|Any CPU.ActiveCfg = Debug|Any CPU
		{BD875FD4-702D-4C2A-8276-52623C92A61D}.Debug|Any CPU.Build.0 = Debug|Any CPU
		{BD875FD4-702D-4C2A-8276-52623C92A61D}.Release|Any CPU.ActiveCfg = Release|Any CPU
		{BD875FD4-702D-4C2A-8276-52623C92A61D}.Release|Any CPU.Build.0 = Release|Any CPU
		{6AD4CD1B-983D-47E3-9439-10B18DE12C42}.Debug|Any CPU.ActiveCfg = Debug|Any CPU
		{6AD4CD1B-983D-47E3-9439-10B18DE12C42}.Debug|Any CPU.Build.0 = Debug|Any CPU
		{6AD4CD1B-983D-47E3-9439-10B18DE12C42}.Release|Any CPU.ActiveCfg = Release|Any CPU
		{6AD4CD1B-983D-47E3-9439-10B18DE12C42}.Release|Any CPU.Build.0 = Release|Any CPU
		{C4128AB4-86FE-4A38-98FD-C7A083811962}.Debug|Any CPU.ActiveCfg = Debug|Any CPU
		{C4128AB4-86FE-4A38-98FD-C7A083811962}.Debug|Any CPU.Build.0 = Debug|Any CPU
		{C4128AB4-86FE-4A38-98FD-C7A083811962}.Release|Any CPU.ActiveCfg = Release|Any CPU
		{C4128AB4-86FE-4A38-98FD-C7A083811962}.Release|Any CPU.Build.0 = Release|Any CPU
		{91650568-7832-4A16-98F3-229CC4DA75DC}.Debug|Any CPU.ActiveCfg = Debug|Any CPU
		{91650568-7832-4A16-98F3-229CC4DA75DC}.Debug|Any CPU.Build.0 = Debug|Any CPU
		{91650568-7832-4A16-98F3-229CC4DA75DC}.Release|Any CPU.ActiveCfg = Release|Any CPU
		{91650568-7832-4A16-98F3-229CC4DA75DC}.Release|Any CPU.Build.0 = Release|Any CPU
		{976FA107-A138-47C1-BAD4-2E69B302738E}.Debug|Any CPU.ActiveCfg = Debug|Any CPU
		{976FA107-A138-47C1-BAD4-2E69B302738E}.Debug|Any CPU.Build.0 = Debug|Any CPU
		{976FA107-A138-47C1-BAD4-2E69B302738E}.Release|Any CPU.ActiveCfg = Release|Any CPU
		{976FA107-A138-47C1-BAD4-2E69B302738E}.Release|Any CPU.Build.0 = Release|Any CPU
		{B2F1D16F-0177-453A-B570-CDB284486F9B}.Debug|Any CPU.ActiveCfg = Debug|Any CPU
		{B2F1D16F-0177-453A-B570-CDB284486F9B}.Debug|Any CPU.Build.0 = Debug|Any CPU
		{B2F1D16F-0177-453A-B570-CDB284486F9B}.Release|Any CPU.ActiveCfg = Release|Any CPU
		{B2F1D16F-0177-453A-B570-CDB284486F9B}.Release|Any CPU.Build.0 = Release|Any CPU
		{31118A5C-54F5-4F0B-86FA-BF3E2A7A0FC4}.Debug|Any CPU.ActiveCfg = Debug|Any CPU
		{31118A5C-54F5-4F0B-86FA-BF3E2A7A0FC4}.Debug|Any CPU.Build.0 = Debug|Any CPU
		{31118A5C-54F5-4F0B-86FA-BF3E2A7A0FC4}.Release|Any CPU.ActiveCfg = Release|Any CPU
		{31118A5C-54F5-4F0B-86FA-BF3E2A7A0FC4}.Release|Any CPU.Build.0 = Release|Any CPU
		{9316D429-00AE-4263-BEA1-AC16802EB391}.Debug|Any CPU.ActiveCfg = Debug|Any CPU
		{9316D429-00AE-4263-BEA1-AC16802EB391}.Debug|Any CPU.Build.0 = Debug|Any CPU
		{9316D429-00AE-4263-BEA1-AC16802EB391}.Release|Any CPU.ActiveCfg = Release|Any CPU
		{9316D429-00AE-4263-BEA1-AC16802EB391}.Release|Any CPU.Build.0 = Release|Any CPU
		{DEC2961D-E53F-4763-B92F-FB91D0C5776D}.Debug|Any CPU.ActiveCfg = Debug|Any CPU
		{DEC2961D-E53F-4763-B92F-FB91D0C5776D}.Debug|Any CPU.Build.0 = Debug|Any CPU
		{DEC2961D-E53F-4763-B92F-FB91D0C5776D}.Release|Any CPU.ActiveCfg = Release|Any CPU
		{DEC2961D-E53F-4763-B92F-FB91D0C5776D}.Release|Any CPU.Build.0 = Release|Any CPU
		{A0EAAA4B-F617-4984-BE1B-D9AF2D29DD06}.Debug|Any CPU.ActiveCfg = Debug|Any CPU
		{A0EAAA4B-F617-4984-BE1B-D9AF2D29DD06}.Debug|Any CPU.Build.0 = Debug|Any CPU
		{A0EAAA4B-F617-4984-BE1B-D9AF2D29DD06}.Release|Any CPU.ActiveCfg = Release|Any CPU
		{A0EAAA4B-F617-4984-BE1B-D9AF2D29DD06}.Release|Any CPU.Build.0 = Release|Any CPU
		{8A191073-65E7-41EC-A3D2-89BBF71E6105}.Debug|Any CPU.ActiveCfg = Debug|Any CPU
		{8A191073-65E7-41EC-A3D2-89BBF71E6105}.Debug|Any CPU.Build.0 = Debug|Any CPU
		{8A191073-65E7-41EC-A3D2-89BBF71E6105}.Release|Any CPU.ActiveCfg = Release|Any CPU
		{8A191073-65E7-41EC-A3D2-89BBF71E6105}.Release|Any CPU.Build.0 = Release|Any CPU
		{DF686E54-0C6E-4B32-8203-127C999F1A61}.Debug|Any CPU.ActiveCfg = Debug|Any CPU
		{DF686E54-0C6E-4B32-8203-127C999F1A61}.Debug|Any CPU.Build.0 = Debug|Any CPU
		{DF686E54-0C6E-4B32-8203-127C999F1A61}.Release|Any CPU.ActiveCfg = Release|Any CPU
		{DF686E54-0C6E-4B32-8203-127C999F1A61}.Release|Any CPU.Build.0 = Release|Any CPU
		{4133C24F-9EC7-45E3-AB8B-0071C920A376}.Debug|Any CPU.ActiveCfg = Debug|Any CPU
		{4133C24F-9EC7-45E3-AB8B-0071C920A376}.Debug|Any CPU.Build.0 = Debug|Any CPU
		{4133C24F-9EC7-45E3-AB8B-0071C920A376}.Release|Any CPU.ActiveCfg = Release|Any CPU
		{4133C24F-9EC7-45E3-AB8B-0071C920A376}.Release|Any CPU.Build.0 = Release|Any CPU
		{953382C6-6248-466C-BB2C-83903BB34F5D}.Debug|Any CPU.ActiveCfg = Debug|Any CPU
		{953382C6-6248-466C-BB2C-83903BB34F5D}.Debug|Any CPU.Build.0 = Debug|Any CPU
		{953382C6-6248-466C-BB2C-83903BB34F5D}.Release|Any CPU.ActiveCfg = Release|Any CPU
		{953382C6-6248-466C-BB2C-83903BB34F5D}.Release|Any CPU.Build.0 = Release|Any CPU
		{88294E7D-DA3F-4E75-9D6C-8DD23D084EE9}.Debug|Any CPU.ActiveCfg = Debug|Any CPU
		{88294E7D-DA3F-4E75-9D6C-8DD23D084EE9}.Debug|Any CPU.Build.0 = Debug|Any CPU
		{88294E7D-DA3F-4E75-9D6C-8DD23D084EE9}.Release|Any CPU.ActiveCfg = Release|Any CPU
		{88294E7D-DA3F-4E75-9D6C-8DD23D084EE9}.Release|Any CPU.Build.0 = Release|Any CPU
		{C67D665D-1BE3-42E5-B2C6-0BE7B00F89D8}.Debug|Any CPU.ActiveCfg = Debug|Any CPU
		{C67D665D-1BE3-42E5-B2C6-0BE7B00F89D8}.Debug|Any CPU.Build.0 = Debug|Any CPU
		{C67D665D-1BE3-42E5-B2C6-0BE7B00F89D8}.Release|Any CPU.ActiveCfg = Release|Any CPU
		{C67D665D-1BE3-42E5-B2C6-0BE7B00F89D8}.Release|Any CPU.Build.0 = Release|Any CPU
		{D66A6AFD-AA08-47B7-8FEB-DAD991630E14}.Debug|Any CPU.ActiveCfg = Debug|Any CPU
		{D66A6AFD-AA08-47B7-8FEB-DAD991630E14}.Debug|Any CPU.Build.0 = Debug|Any CPU
		{D66A6AFD-AA08-47B7-8FEB-DAD991630E14}.Release|Any CPU.ActiveCfg = Release|Any CPU
		{D66A6AFD-AA08-47B7-8FEB-DAD991630E14}.Release|Any CPU.Build.0 = Release|Any CPU
		{911C798F-3900-4CC7-AEBF-A114322A88C0}.Debug|Any CPU.ActiveCfg = Debug|Any CPU
		{911C798F-3900-4CC7-AEBF-A114322A88C0}.Debug|Any CPU.Build.0 = Debug|Any CPU
		{911C798F-3900-4CC7-AEBF-A114322A88C0}.Release|Any CPU.ActiveCfg = Release|Any CPU
		{911C798F-3900-4CC7-AEBF-A114322A88C0}.Release|Any CPU.Build.0 = Release|Any CPU
		{7269E103-9F79-4C97-A4C5-145D30099F8A}.Debug|Any CPU.ActiveCfg = Debug|Any CPU
		{7269E103-9F79-4C97-A4C5-145D30099F8A}.Debug|Any CPU.Build.0 = Debug|Any CPU
		{7269E103-9F79-4C97-A4C5-145D30099F8A}.Release|Any CPU.ActiveCfg = Release|Any CPU
		{7269E103-9F79-4C97-A4C5-145D30099F8A}.Release|Any CPU.Build.0 = Release|Any CPU
	EndGlobalSection
	GlobalSection(SolutionProperties) = preSolution
		HideSolutionNode = FALSE
	EndGlobalSection
	GlobalSection(ExtensibilityGlobals) = postSolution
		SolutionGuid = {C41E44B1-7F99-44FC-947C-0BAE0AE9F46E}
	EndGlobalSection
EndGlobal
