
Microsoft Visual Studio Solution File, Format Version 12.00
# Visual Studio Version 17
VisualStudioVersion = 17.14.36623.8
MinimumVisualStudioVersion = 10.0.40219.1
Project("{FAE04EC0-301F-11D3-BF4B-00C04F79EFBC}") = "01.Messaging", "01.Messaging\01.Messaging.csproj", "{1028ECE8-2F81-416C-AED0-A54116B6802A}"
EndProject
Project("{FAE04EC0-301F-11D3-BF4B-00C04F79EFBC}") = "02.Car Race", "02.Car Race\02.Car Race.csproj", "{BBD6E138-716A-4B4E-9537-CA6AC5455033}"
EndProject
Project("{FAE04EC0-301F-11D3-BF4B-00C04F79EFBC}") = "03.TakeSkip Rope", "03.TakeSkip Rope\03.TakeSkip Rope.csproj", "{3F4D2E7B-B657-4B27-95FB-7AD110BED717}"
EndProject
Project("{FAE04EC0-301F-11D3-BF4B-00C04F79EFBC}") = "04.Mixed up Lists", "04.Mixed up Lists\04.Mixed up Lists.csproj", "{47535A6E-D9C2-4B7B-A8A6-4237502C30C7}"
EndProject
Project("{FAE04EC0-301F-11D3-BF4B-00C04F79EFBC}") = "05.Drum Set", "05.Drum Set\05.Drum Set.csproj", "{EB005B79-F6A2-4891-8887-0F667FC67805}"
EndProject
Global
	GlobalSection(SolutionConfigurationPlatforms) = preSolution
		Debug|Any CPU = Debug|Any CPU
		Release|Any CPU = Release|Any CPU
	EndGlobalSection
	GlobalSection(ProjectConfigurationPlatforms) = postSolution
		{1028ECE8-2F81-416C-AED0-A54116B6802A}.Debug|Any CPU.ActiveCfg = Debug|Any CPU
		{1028ECE8-2F81-416C-AED0-A54116B6802A}.Debug|Any CPU.Build.0 = Debug|Any CPU
		{1028ECE8-2F81-416C-AED0-A54116B6802A}.Release|Any CPU.ActiveCfg = Release|Any CPU
		{1028ECE8-2F81-416C-AED0-A54116B6802A}.Release|Any CPU.Build.0 = Release|Any CPU
		{BBD6E138-716A-4B4E-9537-CA6AC5455033}.Debug|Any CPU.ActiveCfg = Debug|Any CPU
		{BBD6E138-716A-4B4E-9537-CA6AC5455033}.Debug|Any CPU.Build.0 = Debug|Any CPU
		{BBD6E138-716A-4B4E-9537-CA6AC5455033}.Release|Any CPU.ActiveCfg = Release|Any CPU
		{BBD6E138-716A-4B4E-9537-CA6AC5455033}.Release|Any CPU.Build.0 = Release|Any CPU
		{3F4D2E7B-B657-4B27-95FB-7AD110BED717}.Debug|Any CPU.ActiveCfg = Debug|Any CPU
		{3F4D2E7B-B657-4B27-95FB-7AD110BED717}.Debug|Any CPU.Build.0 = Debug|Any CPU
		{3F4D2E7B-B657-4B27-95FB-7AD110BED717}.Release|Any CPU.ActiveCfg = Release|Any CPU
		{3F4D2E7B-B657-4B27-95FB-7AD110BED717}.Release|Any CPU.Build.0 = Release|Any CPU
		{47535A6E-D9C2-4B7B-A8A6-4237502C30C7}.Debug|Any CPU.ActiveCfg = Debug|Any CPU
		{47535A6E-D9C2-4B7B-A8A6-4237502C30C7}.Debug|Any CPU.Build.0 = Debug|Any CPU
		{47535A6E-D9C2-4B7B-A8A6-4237502C30C7}.Release|Any CPU.ActiveCfg = Release|Any CPU
		{47535A6E-D9C2-4B7B-A8A6-4237502C30C7}.Release|Any CPU.Build.0 = Release|Any CPU
		{EB005B79-F6A2-4891-8887-0F667FC67805}.Debug|Any CPU.ActiveCfg = Debug|Any CPU
		{EB005B79-F6A2-4891-8887-0F667FC67805}.Debug|Any CPU.Build.0 = Debug|Any CPU
		{EB005B79-F6A2-4891-8887-0F667FC67805}.Release|Any CPU.ActiveCfg = Release|Any CPU
		{EB005B79-F6A2-4891-8887-0F667FC67805}.Release|Any CPU.Build.0 = Release|Any CPU
	EndGlobalSection
	GlobalSection(SolutionProperties) = preSolution
		HideSolutionNode = FALSE
	EndGlobalSection
	GlobalSection(ExtensibilityGlobals) = postSolution
		SolutionGuid = {B0B70C60-B58A-4F8B-AF50-A0B0A024986C}
	EndGlobalSection
EndGlobal
