
Microsoft Visual Studio Solution File, Format Version 12.00
# Visual Studio Version 17
VisualStudioVersion = 17.14.36930.0
MinimumVisualStudioVersion = 10.0.40219.1
Project("{FAE04EC0-301F-11D3-BF4B-00C04F79EFBC}") = "01.Ranking", "01.Ranking\01.Ranking.csproj", "{559A6730-7AE5-486B-893B-844BE2A3AC2F}"
EndProject
Project("{FAE04EC0-301F-11D3-BF4B-00C04F79EFBC}") = "02.Judge", "02.Judge\02.Judge.csproj", "{C9D16A8E-1664-4F59-9B9C-0894B83FA65B}"
EndProject
Project("{FAE04EC0-301F-11D3-BF4B-00C04F79EFBC}") = "03.MOBA Challenger", "03.MOBA Challenger\03.MOBA Challenger.csproj", "{E6BDE5E4-F479-427E-BD25-D9BA00784CE7}"
EndProject
Project("{FAE04EC0-301F-11D3-BF4B-00C04F79EFBC}") = "04.Snowwhite", "04.Snowwhite\04.Snowwhite.csproj", "{24D5CDF9-6859-4943-A2AE-CBFB50C98E25}"
EndProject
Project("{FAE04EC0-301F-11D3-BF4B-00C04F79EFBC}") = "05.Dragon Army", "05.Dragon Army\05.Dragon Army.csproj", "{32C86A74-E202-4CF4-8279-F971B3997B20}"
EndProject
Global
	GlobalSection(SolutionConfigurationPlatforms) = preSolution
		Debug|Any CPU = Debug|Any CPU
		Release|Any CPU = Release|Any CPU
	EndGlobalSection
	GlobalSection(ProjectConfigurationPlatforms) = postSolution
		{559A6730-7AE5-486B-893B-844BE2A3AC2F}.Debug|Any CPU.ActiveCfg = Debug|Any CPU
		{559A6730-7AE5-486B-893B-844BE2A3AC2F}.Debug|Any CPU.Build.0 = Debug|Any CPU
		{559A6730-7AE5-486B-893B-844BE2A3AC2F}.Release|Any CPU.ActiveCfg = Release|Any CPU
		{559A6730-7AE5-486B-893B-844BE2A3AC2F}.Release|Any CPU.Build.0 = Release|Any CPU
		{C9D16A8E-1664-4F59-9B9C-0894B83FA65B}.Debug|Any CPU.ActiveCfg = Debug|Any CPU
		{C9D16A8E-1664-4F59-9B9C-0894B83FA65B}.Debug|Any CPU.Build.0 = Debug|Any CPU
		{C9D16A8E-1664-4F59-9B9C-0894B83FA65B}.Release|Any CPU.ActiveCfg = Release|Any CPU
		{C9D16A8E-1664-4F59-9B9C-0894B83FA65B}.Release|Any CPU.Build.0 = Release|Any CPU
		{E6BDE5E4-F479-427E-BD25-D9BA00784CE7}.Debug|Any CPU.ActiveCfg = Debug|Any CPU
		{E6BDE5E4-F479-427E-BD25-D9BA00784CE7}.Debug|Any CPU.Build.0 = Debug|Any CPU
		{E6BDE5E4-F479-427E-BD25-D9BA00784CE7}.Release|Any CPU.ActiveCfg = Release|Any CPU
		{E6BDE5E4-F479-427E-BD25-D9BA00784CE7}.Release|Any CPU.Build.0 = Release|Any CPU
		{24D5CDF9-6859-4943-A2AE-CBFB50C98E25}.Debug|Any CPU.ActiveCfg = Debug|Any CPU
		{24D5CDF9-6859-4943-A2AE-CBFB50C98E25}.Debug|Any CPU.Build.0 = Debug|Any CPU
		{24D5CDF9-6859-4943-A2AE-CBFB50C98E25}.Release|Any CPU.ActiveCfg = Release|Any CPU
		{24D5CDF9-6859-4943-A2AE-CBFB50C98E25}.Release|Any CPU.Build.0 = Release|Any CPU
		{32C86A74-E202-4CF4-8279-F971B3997B20}.Debug|Any CPU.ActiveCfg = Debug|Any CPU
		{32C86A74-E202-4CF4-8279-F971B3997B20}.Debug|Any CPU.Build.0 = Debug|Any CPU
		{32C86A74-E202-4CF4-8279-F971B3997B20}.Release|Any CPU.ActiveCfg = Release|Any CPU
		{32C86A74-E202-4CF4-8279-F971B3997B20}.Release|Any CPU.Build.0 = Release|Any CPU
	EndGlobalSection
	GlobalSection(SolutionProperties) = preSolution
		HideSolutionNode = FALSE
	EndGlobalSection
	GlobalSection(ExtensibilityGlobals) = postSolution
		SolutionGuid = {4A0115B5-40EB-4904-A0BC-FF759FFF9BB7}
	EndGlobalSection
EndGlobal
